Microsoft Visual Studio Solution File, Format Version 12.00
# Visual Studio Version 17
VisualStudioVersion = 17.5.2.0
MinimumVisualStudioVersion = 10.0.40219.1
Project("{FAE04EC0-301F-11D3-BF4B-00C04F79EFBC}") = "MonoGameEngine", "MonoGameEngine.csproj", "{51D1EDEE-5A5E-FD04-59CF-A5AA8A5D70B0}"
EndProject
Project("{2150E333-8FDC-42A3-9474-1A3956D46DE8}") = "Generators", "Generators", "{AD7C8182-B466-96AE-CF31-8AA8EF11C5DF}"
EndProject
Project("{FAE04EC0-301F-11D3-BF4B-00C04F79EFBC}") = "MonoGameEngine.Generators", "Generators\MonoGameEngine.Generators.csproj", "{36FCCA4F-8DAD-3CA2-CB76-5D339CE6CDB4}"
EndProject
Global
	GlobalSection(SolutionConfigurationPlatforms) = preSolution
		Debug|Any CPU = Debug|Any CPU
		Release|Any CPU = Release|Any CPU
	EndGlobalSection
	GlobalSection(ProjectConfigurationPlatforms) = postSolution
		{51D1EDEE-5A5E-FD04-59CF-A5AA8A5D70B0}.Debug|Any CPU.ActiveCfg = Debug|Any CPU
		{51D1EDEE-5A5E-FD04-59CF-A5AA8A5D70B0}.Debug|Any CPU.Build.0 = Debug|Any CPU
		{51D1EDEE-5A5E-FD04-59CF-A5AA8A5D70B0}.Release|Any CPU.ActiveCfg = Release|Any CPU
		{51D1EDEE-5A5E-FD04-59CF-A5AA8A5D70B0}.Release|Any CPU.Build.0 = Release|Any CPU
		{36FCCA4F-8DAD-3CA2-CB76-5D339CE6CDB4}.Debug|Any CPU.ActiveCfg = Debug|Any CPU
		{36FCCA4F-8DAD-3CA2-CB76-5D339CE6CDB4}.Debug|Any CPU.Build.0 = Debug|Any CPU
		{36FCCA4F-8DAD-3CA2-CB76-5D339CE6CDB4}.Release|Any CPU.ActiveCfg = Release|Any CPU
		{36FCCA4F-8DAD-3CA2-CB76-5D339CE6CDB4}.Release|Any CPU.Build.0 = Release|Any CPU
	EndGlobalSection
	GlobalSection(SolutionProperties) = preSolution
		HideSolutionNode = FALSE
	EndGlobalSection
	GlobalSection(NestedProjects) = preSolution
		{36FCCA4F-8DAD-3CA2-CB76-5D339CE6CDB4} = {AD7C8182-B466-96AE-CF31-8AA8EF11C5DF}
	EndGlobalSection
	GlobalSection(ExtensibilityGlobals) = postSolution
		SolutionGuid = {005A9DEC-2B91-4442-B094-45BF0389D66B}
	EndGlobalSection
EndGlobal
